Microsoft Visual Studio Solution File, Format Version 12.00
# Visual Studio Version 17
VisualStudioVersion = 17.0.31903.59
MinimumVisualStudioVersion = 10.0.40219.1
Project("{FAE04EC0-301F-11D3-BF4B-00C04F79EFBC}") = "AeroNexus.ForecastStudio.Server", "src/AeroNexus.ForecastStudio.Server/AeroNexus.ForecastStudio.Server.csproj", "{2B4573B2-4A39-45C6-9D54-6B1A05828A6F}"
EndProject
Project("{FAE04EC0-301F-11D3-BF4B-00C04F79EFBC}") = "AeroNexus.ForecastStudio.Infrastructure", "src/AeroNexus.ForecastStudio.Infrastructure/AeroNexus.ForecastStudio.Infrastructure.csproj", "{59B639D1-8F0A-4102-A72F-59C93FF40726}"
EndProject
Project("{FAE04EC0-301F-11D3-BF4B-00C04F79EFBC}") = "AeroNexus.ForecastStudio.Domain", "src/AeroNexus.ForecastStudio.Domain/AeroNexus.ForecastStudio.Domain.csproj", "{1E783429-A0B8-4E3D-8E13-5F3F480AD9C3}"
EndProject
Global
GlobalSection(SolutionConfigurationPlatforms) = preSolution
Debug|Any CPU = Debug|Any CPU
Release|Any CPU = Release|Any CPU
EndGlobalSection
GlobalSection(ProjectConfigurationPlatforms) = postSolution
{2B4573B2-4A39-45C6-9D54-6B1A05828A6F}.Debug|Any CPU.ActiveCfg = Debug|Any CPU
{2B4573B2-4A39-45C6-9D54-6B1A05828A6F}.Debug|Any CPU.Build.0 = Debug|Any CPU
{2B4573B2-4A39-45C6-9D54-6B1A05828A6F}.Release|Any CPU.ActiveCfg = Release|Any CPU
{2B4573B2-4A39-45C6-9D54-6B1A05828A6F}.Release|Any CPU.Build.0 = Release|Any CPU
{59B639D1-8F0A-4102-A72F-59C93FF40726}.Debug|Any CPU.ActiveCfg = Debug|Any CPU
{59B639D1-8F0A-4102-A72F-59C93FF40726}.Debug|Any CPU.Build.0 = Debug|Any CPU
{59B639D1-8F0A-4102-A72F-59C93FF40726}.Release|Any CPU.ActiveCfg = Release|Any CPU
{59B639D1-8F0A-4102-A72F-59C93FF40726}.Release|Any CPU.Build.0 = Release|Any CPU
{1E783429-A0B8-4E3D-8E13-5F3F480AD9C3}.Debug|Any CPU.ActiveCfg = Debug|Any CPU
{1E783429-A0B8-4E3D-8E13-5F3F480AD9C3}.Debug|Any CPU.Build.0 = Debug|Any CPU
{1E783429-A0B8-4E3D-8E13-5F3F480AD9C3}.Release|Any CPU.ActiveCfg = Release|Any CPU
{1E783429-A0B8-4E3D-8E13-5F3F480AD9C3}.Release|Any CPU.Build.0 = Release|Any CPU
EndGlobalSection
EndGlobal
